// !$*UTF8*$!
{
	archiveVersion = 1;
	classes = {
	};
	objectVersion = 55;
	objects = {

/* Begin PBXBuildFile section */
		3F6A433C282ECF070022DE95 /* SUI_Entertainment_AppApp.swift in Sources */ = {isa = PBXBuildFile; fileRef = 3F6A433B282ECF070022DE95 /* SUI_Entertainment_AppApp.swift */; };
		3F6A433E282ECF070022DE95 /* TabbedView.swift in Sources */ = {isa = PBXBuildFile; fileRef = 3F6A433D282ECF070022DE95 /* TabbedView.swift */; };
		3F6A4340282ECF0C0022DE95 /* Assets.xcassets in Resources */ = {isa = PBXBuildFile; fileRef = 3F6A433F282ECF0C0022DE95 /* Assets.xcassets */; };
		3F6A4343282ECF0C0022DE95 /* Preview Assets.xcassets in Resources */ = {isa = PBXBuildFile; fileRef = 3F6A4342282ECF0C0022DE95 /* Preview Assets.xcassets */; };
		3F6A434C282ED0D10022DE95 /* EntertainmentView.swift in Sources */ = {isa = PBXBuildFile; fileRef = 3F6A434B282ED0D10022DE95 /* EntertainmentView.swift */; };
		3F6A434E282ED0E80022DE95 /* BookmarkView.swift in Sources */ = {isa = PBXBuildFile; fileRef = 3F6A434D282ED0E80022DE95 /* BookmarkView.swift */; };
		3F6A4352282ED1870022DE95 /* HomeView.swift in Sources */ = {isa = PBXBuildFile; fileRef = 3F6A4351282ED1870022DE95 /* HomeView.swift */; };
		3FBFE18028983ED000AB0F21 /* EntertainmentIcon.swift in Sources */ = {isa = PBXBuildFile; fileRef = 3FBFE17F28983ED000AB0F21 /* EntertainmentIcon.swift */; };
		3FC8FDB8284B771A00409D5E /* EntertainmentViewModel.swift in Sources */ = {isa = PBXBuildFile; fileRef = 3FC8FDB7284B771A00409D5E /* EntertainmentViewModel.swift */; };
		3FF14DFE284A8204003B9A3F /* Entertainment.swift in Sources */ = {isa = PBXBuildFile; fileRef = 3FF14DFD284A8204003B9A3F /* Entertainment.swift */; };
		3FF14E00284A8ED2003B9A3F /* Bundle+EXT.swift in Sources */ = {isa = PBXBuildFile; fileRef = 3FF14DFF284A8ED2003B9A3F /* Bundle+EXT.swift */; };
		3FF14E02284A8F2B003B9A3F /* data.json in Resources */ = {isa = PBXBuildFile; fileRef = 3FF14E01284A8F2B003B9A3F /* data.json */; };
		3FF14E04284AAD05003B9A3F /* EntertainmentRow.swift in Sources */ = {isa = PBXBuildFile; fileRef = 3FF14E03284AAD05003B9A3F /* EntertainmentRow.swift */; };
		3FF14E06284ABCD2003B9A3F /* BookmarkButton.swift in Sources */ = {isa = PBXBuildFile; fileRef = 3FF14E05284ABCD2003B9A3F /* BookmarkButton.swift */; };
/* End PBXBuildFile section */

/* Begin PBXFileReference section */
		3F6A4338282ECF070022DE95 /* SUI-Entertainment-App.app */ = {isa = PBXFileReference; explicitFileType = wrapper.application; includeInIndex = 0; path = "SUI-Entertainment-App.app"; sourceTree = BUILT_PRODUCTS_DIR; };
		3F6A433B282ECF070022DE95 /* SUI_Entertainment_AppApp.swift */ = {isa = PBXFileReference; lastKnownFileType = sourcecode.swift; path = SUI_Entertainment_AppApp.swift; sourceTree = "<group>"; };
		3F6A433D282ECF070022DE95 /* TabbedView.swift */ = {isa = PBXFileReference; lastKnownFileType = sourcecode.swift; path = TabbedView.swift; sourceTree = "<group>"; };
		3F6A433F282ECF0C0022DE95 /* Assets.xcassets */ = {isa = PBXFileReference; lastKnownFileType = folder.assetcatalog; path = Assets.xcassets; sourceTree = "<group>"; };
		3F6A4342282ECF0C0022DE95 /* Preview Assets.xcassets */ = {isa = PBXFileReference; lastKnownFileType = folder.assetcatalog; path = "Preview Assets.xcassets"; sourceTree = "<group>"; };
		3F6A434B282ED0D10022DE95 /* EntertainmentView.swift */ = {isa = PBXFileReference; lastKnownFileType = sourcecode.swift; path = EntertainmentView.swift; sourceTree = "<group>"; };
		3F6A434D282ED0E80022DE95 /* BookmarkView.swift */ = {isa = PBXFileReference; lastKnownFileType = sourcecode.swift; path = BookmarkView.swift; sourceTree = "<group>"; };
		3F6A4351282ED1870022DE95 /* HomeView.swift */ = {isa = PBXFileReference; lastKnownFileType = sourcecode.swift; path = HomeView.swift; sourceTree = "<group>"; };
		3F8752BC2892F3E000F99D55 /* Info.plist */ = {isa = PBXFileReference; lastKnownFileType = text.plist; path = Info.plist; sourceTree = "<group>"; };
		3FBFE17F28983ED000AB0F21 /* EntertainmentIcon.swift */ = {isa = PBXFileReference; lastKnownFileType = sourcecode.swift; path = EntertainmentIcon.swift; sourceTree = "<group>"; };
		3FC8FDB7284B771A00409D5E /* EntertainmentViewModel.swift */ = {isa = PBXFileReference; lastKnownFileType = sourcecode.swift; path = EntertainmentViewModel.swift; sourceTree = "<group>"; };
		3FF14DFD284A8204003B9A3F /* Entertainment.swift */ = {isa = PBXFileReference; lastKnownFileType = sourcecode.swift; path = Entertainment.swift; sourceTree = "<group>"; };
		3FF14DFF284A8ED2003B9A3F /* Bundle+EXT.swift */ = {isa = PBXFileReference; lastKnownFileType = sourcecode.swift; path = "Bundle+EXT.swift"; sourceTree = "<group>"; };
		3FF14E01284A8F2B003B9A3F /* data.json */ = {isa = PBXFileReference; fileEncoding = 4; lastKnownFileType = text.json; path = data.json; sourceTree = "<group>"; };
		3FF14E03284AAD05003B9A3F /* EntertainmentRow.swift */ = {isa = PBXFileReference; lastKnownFileType = sourcecode.swift; path = EntertainmentRow.swift; sourceTree = "<group>"; };
		3FF14E05284ABCD2003B9A3F /* BookmarkButton.swift */ = {isa = PBXFileReference; lastKnownFileType = sourcecode.swift; path = BookmarkButton.swift; sourceTree = "<group>"; };
/* End PBXFileReference section */

/* Begin PBXFrameworksBuildPhase section */
		3F6A4335282ECF070022DE95 /* Frameworks */ = {
			isa = PBXFrameworksBuildPhase;
			buildActionMask = 2147483647;
			files = (
			);
			runOnlyForDeploymentPostprocessing = 0;
		};
/* End PBXFrameworksBuildPhase section */

/* Begin PBXGroup section */
		3F1964AF2896CBE200480446 /* Model */ = {
			isa = PBXGroup;
			children = (
				3FF14DFD284A8204003B9A3F /* Entertainment.swift */,
			);
			path = Model;
			sourceTree = "<group>";
		};
		3F1964B02896CC3900480446 /* Screens */ = {
			isa = PBXGroup;
			children = (
				3F6A433D282ECF070022DE95 /* TabbedView.swift */,
				3F6A4351282ED1870022DE95 /* HomeView.swift */,
				3F6A434B282ED0D10022DE95 /* EntertainmentView.swift */,
				3F6A434D282ED0E80022DE95 /* BookmarkView.swift */,
			);
			path = Screens;
			sourceTree = "<group>";
		};
		3F1964B12896CC5700480446 /* Views */ = {
			isa = PBXGroup;
			children = (
				3FF14E05284ABCD2003B9A3F /* BookmarkButton.swift */,
				3FF14E03284AAD05003B9A3F /* EntertainmentRow.swift */,
				3FBFE17F28983ED000AB0F21 /* EntertainmentIcon.swift */,
			);
			path = Views;
			sourceTree = "<group>";
		};
		3F1964B22896CC6B00480446 /* View Models */ = {
			isa = PBXGroup;
			children = (
				3FC8FDB7284B771A00409D5E /* EntertainmentViewModel.swift */,
			);
			path = "View Models";
			sourceTree = "<group>";
		};
		3F1964B32896CC7B00480446 /* Extensions */ = {
			isa = PBXGroup;
			children = (
				3FF14DFF284A8ED2003B9A3F /* Bundle+EXT.swift */,
			);
			path = Extensions;
			sourceTree = "<group>";
		};
		3F6A432F282ECF070022DE95 = {
			isa = PBXGroup;
			children = (
				3F6A433A282ECF070022DE95 /* SUI-Entertainment-App */,
				3F6A4339282ECF070022DE95 /* Products */,
			);
			sourceTree = "<group>";
		};
		3F6A4339282ECF070022DE95 /* Products */ = {
			isa = PBXGroup;
			children = (
				3F6A4338282ECF070022DE95 /* SUI-Entertainment-App.app */,
			);
			name = Products;
			sourceTree = "<group>";
		};
		3F6A433A282ECF070022DE95 /* SUI-Entertainment-App */ = {
			isa = PBXGroup;
			children = (
				3F8752BC2892F3E000F99D55 /* Info.plist */,
				3F6A433B282ECF070022DE95 /* SUI_Entertainment_AppApp.swift */,
				3F1964AF2896CBE200480446 /* Model */,
				3F1964B02896CC3900480446 /* Screens */,
				3F1964B12896CC5700480446 /* Views */,
				3F1964B22896CC6B00480446 /* View Models */,
				3F1964B32896CC7B00480446 /* Extensions */,
				3FF14E01284A8F2B003B9A3F /* data.json */,
				3F6A433F282ECF0C0022DE95 /* Assets.xcassets */,
				3F6A4341282ECF0C0022DE95 /* Preview Content */,
			);
			path = "SUI-Entertainment-App";
			sourceTree = "<group>";
		};
		3F6A4341282ECF0C0022DE95 /* Preview Content */ = {
			isa = PBXGroup;
			children = (
				3F6A4342282ECF0C0022DE95 /* Preview Assets.xcassets */,
			);
			path = "Preview Content";
			sourceTree = "<group>";
		};
/* End PBXGroup section */

/* Begin PBXNativeTarget section */
		3F6A4337282ECF070022DE95 /* SUI-Entertainment-App */ = {
			isa = PBXNativeTarget;
			buildConfigurationList = 3F6A4346282ECF0C0022DE95 /* Build configuration list for PBXNativeTarget "SUI-Entertainment-App" */;
			buildPhases = (
				3F6A4334282ECF070022DE95 /* Sources */,
				3F6A4335282ECF070022DE95 /* Frameworks */,
				3F6A4336282ECF070022DE95 /* Resources */,
			);
			buildRules = (
			);
			dependencies = (
			);
			name = "SUI-Entertainment-App";
			productName = "SUI-Entertainment-App";
			productReference = 3F6A4338282ECF070022DE95 /* SUI-Entertainment-App.app */;
			productType = "com.apple.product-type.application";
		};
/* End PBXNativeTarget section */

/* Begin PBXProject section */
		3F6A4330282ECF070022DE95 /* Project object */ = {
			isa = PBXProject;
			attributes = {
				BuildIndependentTargetsInParallel = 1;
				LastSwiftUpdateCheck = 1330;
				LastUpgradeCheck = 1330;
				TargetAttributes = {
					3F6A4337282ECF070022DE95 = {
						CreatedOnToolsVersion = 13.3.1;
					};
				};
			};
			buildConfigurationList = 3F6A4333282ECF070022DE95 /* Build configuration list for PBXProject "SUI-Entertainment-App" */;
			compatibilityVersion = "Xcode 13.0";
			developmentRegion = en;
			hasScannedForEncodings = 0;
			knownRegions = (
				en,
				Base,
			);
			mainGroup = 3F6A432F282ECF070022DE95;
			productRefGroup = 3F6A4339282ECF070022DE95 /* Products */;
			projectDirPath = "";
			projectRoot = "";
			targets = (
				3F6A4337282ECF070022DE95 /* SUI-Entertainment-App */,
			);
		};
/* End PBXProject section */

/* Begin PBXResourcesBuildPhase section */
		3F6A4336282ECF070022DE95 /* Resources */ = {
			isa = PBXResourcesBuildPhase;
			buildActionMask = 2147483647;
			files = (
				3F6A4343282ECF0C0022DE95 /* Preview Assets.xcassets in Resources */,
				3FF14E02284A8F2B003B9A3F /* data.json in Resources */,
				3F6A4340282ECF0C0022DE95 /* Assets.xcassets in Resources */,
			);
			runOnlyForDeploymentPostprocessing = 0;
		};
/* End PBXResourcesBuildPhase section */

/* Begin PBXSourcesBuildPhase section */
		3F6A4334282ECF070022DE95 /* Sources */ = {
			isa = PBXSourcesBuildPhase;
			buildActionMask = 2147483647;
			files = (
				3F6A434C282ED0D10022DE95 /* EntertainmentView.swift in Sources */,
				3FC8FDB8284B771A00409D5E /* EntertainmentViewModel.swift in Sources */,
				3FF14E00284A8ED2003B9A3F /* Bundle+EXT.swift in Sources */,
				3F6A434E282ED0E80022DE95 /* BookmarkView.swift in Sources */,
				3FF14E06284ABCD2003B9A3F /* BookmarkButton.swift in Sources */,
				3FBFE18028983ED000AB0F21 /* EntertainmentIcon.swift in Sources */,
				3F6A433E282ECF070022DE95 /* TabbedView.swift in Sources */,
				3FF14E04284AAD05003B9A3F /* EntertainmentRow.swift in Sources */,
				3F6A4352282ED1870022DE95 /* HomeView.swift in Sources */,
				3FF14DFE284A8204003B9A3F /* Entertainment.swift in Sources */,
				3F6A433C282ECF070022DE95 /* SUI_Entertainment_AppApp.swift in Sources */,
			);
			runOnlyForDeploymentPostprocessing = 0;
		};
/* End PBXSourcesBuildPhase section */

/* Begin XCBuildConfiguration section */
		3F6A4344282ECF0C0022DE95 /* Debug */ = {
			isa = XCBuildConfiguration;
			buildSettings = {
				ALWAYS_SEARCH_USER_PATHS = NO;
				CLANG_ANALYZER_NONNULL = YES;
				CLANG_ANALYZER_NUMBER_OBJECT_CONVERSION = YES_AGGRESSIVE;
				CLANG_CXX_LANGUAGE_STANDARD = "gnu++17";
				CLANG_ENABLE_MODULES = YES;
				CLANG_ENABLE_OBJC_ARC = YES;
				CLANG_ENABLE_OBJC_WEAK = YES;
				CLANG_WARN_BLOCK_CAPTURE_AUTORELEASING = YES;
				CLANG_WARN_BOOL_CONVERSION = YES;
				CLANG_WARN_COMMA = YES;
				CLANG_WARN_CONSTANT_CONVERSION = YES;
				CLANG_WARN_DEPRECATED_OBJC_IMPLEMENTATIONS = YES;
				CLANG_WARN_DIRECT_OBJC_ISA_USAGE = YES_ERROR;
				CLANG_WARN_DOCUMENTATION_COMMENTS = YES;
				CLANG_WARN_EMPTY_BODY = YES;
				CLANG_WARN_ENUM_CONVERSION = YES;
				CLANG_WARN_INFINITE_RECURSION = YES;
				CLANG_WARN_INT_CONVERSION = YES;
				CLANG_WARN_NON_LITERAL_NULL_CONVERSION = YES;
				CLANG_WARN_OBJC_IMPLICIT_RETAIN_SELF = YES;
				CLANG_WARN_OBJC_LITERAL_CONVERSION = YES;
				CLANG_WARN_OBJC_ROOT_CLASS = YES_ERROR;
				CLANG_WARN_QUOTED_INCLUDE_IN_FRAMEWORK_HEADER = YES;
				CLANG_WARN_RANGE_LOOP_ANALYSIS = YES;
				CLANG_WARN_STRICT_PROTOTYPES = YES;
				CLANG_WARN_SUSPICIOUS_MOVE = YES;
				CLANG_WARN_UNGUARDED_AVAILABILITY = YES_AGGRESSIVE;
				CLANG_WARN_UNREACHABLE_CODE = YES;
				CLANG_WARN__DUPLICATE_METHOD_MATCH = YES;
				COPY_PHASE_STRIP = NO;
				DEBUG_INFORMATION_FORMAT = dwarf;
				ENABLE_STRICT_OBJC_MSGSEND = YES;
				ENABLE_TESTABILITY = YES;
				GCC_C_LANGUAGE_STANDARD = gnu11;
				GCC_DYNAMIC_NO_PIC = NO;
				GCC_NO_COMMON_BLOCKS = YES;
				GCC_OPTIMIZATION_LEVEL = 0;
				GCC_PREPROCESSOR_DEFINITIONS = (
					"DEBUG=1",
					"$(inherited)",
				);
				GCC_WARN_64_TO_32_BIT_CONVERSION = YES;
				GCC_WARN_ABOUT_RETURN_TYPE = YES_ERROR;
				GCC_WARN_UNDECLARED_SELECTOR = YES;
				GCC_WARN_UNINITIALIZED_AUTOS = YES_AGGRESSIVE;
				GCC_WARN_UNUSED_FUNCTION = YES;
				GCC_WARN_UNUSED_VARIABLE = YES;
				IPHONEOS_DEPLOYMENT_TARGET = 15.4;
				MTL_ENABLE_DEBUG_INFO = INCLUDE_SOURCE;
				MTL_FAST_MATH = YES;
				ONLY_ACTIVE_ARCH = YES;
				SDKROOT = iphoneos;
				SWIFT_ACTIVE_COMPILATION_CONDITIONS = DEBUG;
				SWIFT_OPTIMIZATION_LEVEL = "-Onone";
			};
			name = Debug;
		};
		3F6A4345282ECF0C0022DE95 /* Release */ = {
			isa = XCBuildConfiguration;
			buildSettings = {
				ALWAYS_SEARCH_USER_PATHS = NO;
				CLANG_ANALYZER_NONNULL = YES;
				CLANG_ANALYZER_NUMBER_OBJECT_CONVERSION = YES_AGGRESSIVE;
				CLANG_CXX_LANGUAGE_STANDARD = "gnu++17";
				CLANG_ENABLE_MODULES = YES;
				CLANG_ENABLE_OBJC_ARC = YES;
				CLANG_ENABLE_OBJC_WEAK = YES;
				CLANG_WARN_BLOCK_CAPTURE_AUTORELEASING = YES;
				CLANG_WARN_BOOL_CONVERSION = YES;
				CLANG_WARN_COMMA = YES;
				CLANG_WARN_CONSTANT_CONVERSION = YES;
				CLANG_WARN_DEPRECATED_OBJC_IMPLEMENTATIONS = YES;
				CLANG_WARN_DIRECT_OBJC_ISA_USAGE = YES_ERROR;
				CLANG_WARN_DOCUMENTATION_COMMENTS = YES;
				CLANG_WARN_EMPTY_BODY = YES;
				CLANG_WARN_ENUM_CONVERSION = YES;
				CLANG_WARN_INFINITE_RECURSION = YES;
				CLANG_WARN_INT_CONVERSION = YES;
				CLANG_WARN_NON_LITERAL_NULL_CONVERSION = YES;
				CLANG_WARN_OBJC_IMPLICIT_RETAIN_SELF = YES;
				CLANG_WARN_OBJC_LITERAL_CONVERSION = YES;
				CLANG_WARN_OBJC_ROOT_CLASS = YES_ERROR;
				CLANG_WARN_QUOTED_INCLUDE_IN_FRAMEWORK_HEADER = YES;
				CLANG_WARN_RANGE_LOOP_ANALYSIS = YES;
				CLANG_WARN_STRICT_PROTOTYPES = YES;
				CLANG_WARN_SUSPICIOUS_MOVE = YES;
				CLANG_WARN_UNGUARDED_AVAILABILITY = YES_AGGRESSIVE;
				CLANG_WARN_UNREACHABLE_CODE = YES;
				CLANG_WARN__DUPLICATE_METHOD_MATCH = YES;
				COPY_PHASE_STRIP = NO;
				DEBUG_INFORMATION_FORMAT = "dwarf-with-dsym";
				ENABLE_NS_ASSERTIONS = NO;
				ENABLE_STRICT_OBJC_MSGSEND = YES;
				GCC_C_LANGUAGE_STANDARD = gnu11;
				GCC_NO_COMMON_BLOCKS = YES;
				GCC_WARN_64_TO_32_BIT_CONVERSION = YES;
				GCC_WARN_ABOUT_RETURN_TYPE = YES_ERROR;
				GCC_WARN_UNDECLARED_SELECTOR = YES;
				GCC_WARN_UNINITIALIZED_AUTOS = YES_AGGRESSIVE;
				GCC_WARN_UNUSED_FUNCTION = YES;
				GCC_WARN_UNUSED_VARIABLE = YES;
				IPHONEOS_DEPLOYMENT_TARGET = 15.4;
				MTL_ENABLE_DEBUG_INFO = NO;
				MTL_FAST_MATH = YES;
				SDKROOT = iphoneos;
				SWIFT_COMPILATION_MODE = wholemodule;
				SWIFT_OPTIMIZATION_LEVEL = "-O";
				VALIDATE_PRODUCT = YES;
			};
			name = Release;
		};
		3F6A4347282ECF0C0022DE95 /* Debug */ = {
			isa = XCBuildConfiguration;
			buildSettings = {
				ASSETCATALOG_COMPILER_APPICON_NAME = AppIcon;
				ASSETCATALOG_COMPILER_GLOBAL_ACCENT_COLOR_NAME = AccentColor;
				CODE_SIGN_STYLE = Automatic;
				CURRENT_PROJECT_VERSION = 1;
				DEVELOPMENT_ASSET_PATHS = "\"SUI-Entertainment-App/Preview Content\"";
				ENABLE_PREVIEWS = YES;
				GENERATE_INFOPLIST_FILE = YES;
				INFOPLIST_FILE = "SUI-Entertainment-App/Info.plist";
				INFOPLIST_KEY_CFBundleDisplayName = "";
				INFOPLIST_KEY_LSApplicationCategoryType = "";
				INFOPLIST_KEY_UIApplicationSceneManifest_Generation = YES;
				INFOPLIST_KEY_UIApplicationSupportsIndirectInputEvents = YES;
				INFOPLIST_KEY_UISupportedInterfaceOrientations_iPad = "UIInterfaceOrientationPortrait UIInterfaceOrientationPortraitUpsideDown UIInterfaceOrientationLandscapeLeft UIInterfaceOrientationLandscapeRight";
				INFOPLIST_KEY_UISupportedInterfaceOrientations_iPhone = "UIInterfaceOrientationPortrait UIInterfaceOrientationLandscapeLeft UIInterfaceOrientationLandscapeRight";
				LD_RUNPATH_SEARCH_PATHS = (
					"$(inherited)",
					"@executable_path/Frameworks",
				);
				MARKETING_VERSION = 1.0;
				PRODUCT_BUNDLE_IDENTIFIER = "FusionDevelopment.SUI-Entertainment-App";
				PRODUCT_NAME = "SUI-Entertainment-App";
				SWIFT_EMIT_LOC_STRINGS = YES;
				SWIFT_VERSION = 5.0;
				TARGETED_DEVICE_FAMILY = 1;
			};
			name = Debug;
		};
		3F6A4348282ECF0C0022DE95 /* Release */ = {
			isa = XCBuildConfiguration;
			buildSettings = {
				ASSETCATALOG_COMPILER_APPICON_NAME = AppIcon;
				ASSETCATALOG_COMPILER_GLOBAL_ACCENT_COLOR_NAME = AccentColor;
				CODE_SIGN_STYLE = Automatic;
				CURRENT_PROJECT_VERSION = 1;
				DEVELOPMENT_ASSET_PATHS = "\"SUI-Entertainment-App/Preview Content\"";
				ENABLE_PREVIEWS = YES;
				GENERATE_INFOPLIST_FILE = YES;
				INFOPLIST_FILE = "SUI-Entertainment-App/Info.plist";
				INFOPLIST_KEY_CFBundleDisplayName = "";
				INFOPLIST_KEY_LSApplicationCategoryType = "";
				INFOPLIST_KEY_UIApplicationSceneManifest_Generation = YES;
				INFOPLIST_KEY_UIApplicationSupportsIndirectInputEvents = YES;
				INFOPLIST_KEY_UISupportedInterfaceOrientations_iPad = "UIInterfaceOrientationPortrait UIInterfaceOrientationPortraitUpsideDown UIInterfaceOrientationLandscapeLeft UIInterfaceOrientationLandscapeRight";
				INFOPLIST_KEY_UISupportedInterfaceOrientations_iPhone = "UIInterfaceOrientationPortrait UIInterfaceOrientationLandscapeLeft UIInterfaceOrientationLandscapeRight";
				LD_RUNPATH_SEARCH_PATHS = (
					"$(inherited)",
					"@executable_path/Frameworks",
				);
				MARKETING_VERSION = 1.0;
				PRODUCT_BUNDLE_IDENTIFIER = "FusionDevelopment.SUI-Entertainment-App";
				PRODUCT_NAME = "SUI-Entertainment-App";
				SWIFT_EMIT_LOC_STRINGS = YES;
				SWIFT_VERSION = 5.0;
				TARGETED_DEVICE_FAMILY = 1;
			};
			name = Release;
		};
/* End XCBuildConfiguration section */

/* Begin XCConfigurationList section */
		3F6A4333282ECF070022DE95 /* Build configuration list for PBXProject "SUI-Entertainment-App" */ = {
			isa = XCConfigurationList;
			buildConfigurations = (
				3F6A4344282ECF0C0022DE95 /* Debug */,
				3F6A4345282ECF0C0022DE95 /* Release */,
			);
			defaultConfigurationIsVisible = 0;
			defaultConfigurationName = Release;
		};
		3F6A4346282ECF0C0022DE95 /* Build configuration list for PBXNativeTarget "SUI-Entertainment-App" */ = {
			isa = XCConfigurationList;
			buildConfigurations = (
				3F6A4347282ECF0C0022DE95 /* Debug */,
				3F6A4348282ECF0C0022DE95 /* Release */,
			);
			defaultConfigurationIsVisible = 0;
			defaultConfigurationName = Release;
		};
/* End XCConfigurationList section */
	};
	rootObject = 3F6A4330282ECF070022DE95 /* Project object */;
}
